// !$*UTF8*$!
{
	archiveVersion = 1;
	classes = {
	};
	objectVersion = 50;
	objects = {

/* Begin PBXBuildFile section */
		2354B0D425CC3F9500EA977C /* AppDelegate.swift in Sources */ = {isa = PBXBuildFile; fileRef = 2354B0D325CC3F9500EA977C /* AppDelegate.swift */; };
		2354B0D625CC3F9500EA977C /* SceneDelegate.swift in Sources */ = {isa = PBXBuildFile; fileRef = 2354B0D525CC3F9500EA977C /* SceneDelegate.swift */; };
		2354B0DB25CC3F9500EA977C /* Main.storyboard in Resources */ = {isa = PBXBuildFile; fileRef = 2354B0D925CC3F9500EA977C /* Main.storyboard */; };
		2354B0DD25CC3F9500EA977C /* Assets.xcassets in Resources */ = {isa = PBXBuildFile; fileRef = 2354B0DC25CC3F9500EA977C /* Assets.xcassets */; };
		2354B0E025CC3F9500EA977C /* LaunchScreen.storyboard in Resources */ = {isa = PBXBuildFile; fileRef = 2354B0DE25CC3F9500EA977C /* LaunchScreen.storyboard */; };
		2354B0E925CC406600EA977C /* EmojiTableViewController.swift in Sources */ = {isa = PBXBuildFile; fileRef = 2354B0E825CC406600EA977C /* EmojiTableViewController.swift */; };
		2354B0ED25CC4D9100EA977C /* EmojiTableViewCell.swift in Sources */ = {isa = PBXBuildFile; fileRef = 2354B0EC25CC4D9100EA977C /* EmojiTableViewCell.swift */; };
		2354B0F025CC51FC00EA977C /* EmojiModel.swift in Sources */ = {isa = PBXBuildFile; fileRef = 2354B0EF25CC51FC00EA977C /* EmojiModel.swift */; };
		2354B0F725CC6C5B00EA977C /* NewEmojiTableViewController.swift in Sources */ = {isa = PBXBuildFile; fileRef = 2354B0F625CC6C5B00EA977C /* NewEmojiTableViewController.swift */; };
/* End PBXBuildFile section */

/* Begin PBXFileReference section */
		2354B0D025CC3F9500EA977C /* EmojiReader.app */ = {isa = PBXFileReference; explicitFileType = wrapper.application; includeInIndex = 0; path = EmojiReader.app; sourceTree = BUILT_PRODUCTS_DIR; };
		2354B0D325CC3F9500EA977C /* AppDelegate.swift */ = {isa = PBXFileReference; lastKnownFileType = sourcecode.swift; path = AppDelegate.swift; sourceTree = "<group>"; };
		2354B0D525CC3F9500EA977C /* SceneDelegate.swift */ = {isa = PBXFileReference; lastKnownFileType = sourcecode.swift; path = SceneDelegate.swift; sourceTree = "<group>"; };
		2354B0DA25CC3F9500EA977C /* Base */ = {isa = PBXFileReference; lastKnownFileType = file.storyboard; name = Base; path = Base.lproj/Main.storyboard; sourceTree = "<group>"; };
		2354B0DC25CC3F9500EA977C /* Assets.xcassets */ = {isa = PBXFileReference; lastKnownFileType = folder.assetcatalog; path = Assets.xcassets; sourceTree = "<group>"; };
		2354B0DF25CC3F9500EA977C /* Base */ = {isa = PBXFileReference; lastKnownFileType = file.storyboard; name = Base; path = Base.lproj/LaunchScreen.storyboard; sourceTree = "<group>"; };
		2354B0E125CC3F9500EA977C /* Info.plist */ = {isa = PBXFileReference; lastKnownFileType = text.plist.xml; path = Info.plist; sourceTree = "<group>"; };
		2354B0E825CC406600EA977C /* EmojiTableViewController.swift */ = {isa = PBXFileReference; lastKnownFileType = sourcecode.swift; path = EmojiTableViewController.swift; sourceTree = "<group>"; };
		2354B0EC25CC4D9100EA977C /* EmojiTableViewCell.swift */ = {isa = PBXFileReference; lastKnownFileType = sourcecode.swift; path = EmojiTableViewCell.swift; sourceTree = "<group>"; };
		2354B0EF25CC51FC00EA977C /* EmojiModel.swift */ = {isa = PBXFileReference; lastKnownFileType = sourcecode.swift; path = EmojiModel.swift; sourceTree = "<group>"; };
		2354B0F625CC6C5B00EA977C /* NewEmojiTableViewController.swift */ = {isa = PBXFileReference; lastKnownFileType = sourcecode.swift; path = NewEmojiTableViewController.swift; sourceTree = "<group>"; };
/* End PBXFileReference section */

/* Begin PBXFrameworksBuildPhase section */
		2354B0CD25CC3F9500EA977C /* Frameworks */ = {
			isa = PBXFrameworksBuildPhase;
			buildActionMask = 2147483647;
			files = (
			);
			runOnlyForDeploymentPostprocessing = 0;
		};
/* End PBXFrameworksBuildPhase section */

/* Begin PBXGroup section */
		2354B0C725CC3F9500EA977C = {
			isa = PBXGroup;
			children = (
				2354B0D225CC3F9500EA977C /* EmojiReader */,
				2354B0D125CC3F9500EA977C /* Products */,
			);
			sourceTree = "<group>";
		};
		2354B0D125CC3F9500EA977C /* Products */ = {
			isa = PBXGroup;
			children = (
				2354B0D025CC3F9500EA977C /* EmojiReader.app */,
			);
			name = Products;
			sourceTree = "<group>";
		};
		2354B0D225CC3F9500EA977C /* EmojiReader */ = {
			isa = PBXGroup;
			children = (
				2354B0D325CC3F9500EA977C /* AppDelegate.swift */,
				2354B0D525CC3F9500EA977C /* SceneDelegate.swift */,
				2354B0D925CC3F9500EA977C /* Main.storyboard */,
				2354B0DC25CC3F9500EA977C /* Assets.xcassets */,
				2354B0DE25CC3F9500EA977C /* LaunchScreen.storyboard */,
				2354B0E125CC3F9500EA977C /* Info.plist */,
				2354B0E825CC406600EA977C /* EmojiTableViewController.swift */,
				2354B0EC25CC4D9100EA977C /* EmojiTableViewCell.swift */,
				2354B0EF25CC51FC00EA977C /* EmojiModel.swift */,
				2354B0F625CC6C5B00EA977C /* NewEmojiTableViewController.swift */,
			);
			path = EmojiReader;
			sourceTree = "<group>";
		};
/* End PBXGroup section */

/* Begin PBXNativeTarget section */
		2354B0CF25CC3F9500EA977C /* EmojiReader */ = {
			isa = PBXNativeTarget;
			buildConfigurationList = 2354B0E425CC3F9500EA977C /* Build configuration list for PBXNativeTarget "EmojiReader" */;
			buildPhases = (
				2354B0CC25CC3F9500EA977C /* Sources */,
				2354B0CD25CC3F9500EA977C /* Frameworks */,
				2354B0CE25CC3F9500EA977C /* Resources */,
			);
			buildRules = (
			);
			dependencies = (
			);
			name = EmojiReader;
			productName = EmojiReader;
			productReference = 2354B0D025CC3F9500EA977C /* EmojiReader.app */;
			productType = "com.apple.product-type.application";
		};
/* End PBXNativeTarget section */

/* Begin PBXProject section */
		2354B0C825CC3F9500EA977C /* Project object */ = {
			isa = PBXProject;
			attributes = {
				LastSwiftUpdateCheck = 1230;
				LastUpgradeCheck = 1230;
				TargetAttributes = {
					2354B0CF25CC3F9500EA977C = {
						CreatedOnToolsVersion = 12.3;
					};
				};
			};
			buildConfigurationList = 2354B0CB25CC3F9500EA977C /* Build configuration list for PBXProject "EmojiReader" */;
			compatibilityVersion = "Xcode 9.3";
			developmentRegion = en;
			hasScannedForEncodings = 0;
			knownRegions = (
				en,
				Base,
			);
			mainGroup = 2354B0C725CC3F9500EA977C;
			productRefGroup = 2354B0D125CC3F9500EA977C /* Products */;
			projectDirPath = "";
			projectRoot = "";
			targets = (
				2354B0CF25CC3F9500EA977C /* EmojiReader */,
			);
		};
/* End PBXProject section */

/* Begin PBXResourcesBuildPhase section */
		2354B0CE25CC3F9500EA977C /* Resources */ = {
			isa = PBXResourcesBuildPhase;
			buildActionMask = 2147483647;
			files = (
				2354B0E025CC3F9500EA977C /* LaunchScreen.storyboard in Resources */,
				2354B0DD25CC3F9500EA977C /* Assets.xcassets in Resources */,
				2354B0DB25CC3F9500EA977C /* Main.storyboard in Resources */,
			);
			runOnlyForDeploymentPostprocessing = 0;
		};
/* End PBXResourcesBuildPhase section */

/* Begin PBXSourcesBuildPhase section */
		2354B0CC25CC3F9500EA977C /* Sources */ = {
			isa = PBXSourcesBuildPhase;
			buildActionMask = 2147483647;
			files = (
				2354B0D425CC3F9500EA977C /* AppDelegate.swift in Sources */,
				2354B0F725CC6C5B00EA977C /* NewEmojiTableViewController.swift in Sources */,
				2354B0E925CC406600EA977C /* EmojiTableViewController.swift in Sources */,
				2354B0ED25CC4D9100EA977C /* EmojiTableViewCell.swift in Sources */,
				2354B0F025CC51FC00EA977C /* EmojiModel.swift in Sources */,
				2354B0D625CC3F9500EA977C /* SceneDelegate.swift in Sources */,
			);
			runOnlyForDeploymentPostprocessing = 0;
		};
/* End PBXSourcesBuildPhase section */

/* Begin PBXVariantGroup section */
		2354B0D925CC3F9500EA977C /* Main.storyboard */ = {
			isa = PBXVariantGroup;
			children = (
				2354B0DA25CC3F9500EA977C /* Base */,
			);
			name = Main.storyboard;
			sourceTree = "<group>";
		};
		2354B0DE25CC3F9500EA977C /* LaunchScreen.storyboard */ = {
			isa = PBXVariantGroup;
			children = (
				2354B0DF25CC3F9500EA977C /* Base */,
			);
			name = LaunchScreen.storyboard;
			sourceTree = "<group>";
		};
/* End PBXVariantGroup section */

/* Begin XCBuildConfiguration section */
		2354B0E225CC3F9500EA977C /* Debug */ = {
			isa = XCBuildConfiguration;
			buildSettings = {
				ALWAYS_SEARCH_USER_PATHS = NO;
				CLANG_ANALYZER_NONNULL = YES;
				CLANG_ANALYZER_NUMBER_OBJECT_CONVERSION = YES_AGGRESSIVE;
				CLANG_CXX_LANGUAGE_STANDARD = "gnu++14";
				CLANG_CXX_LIBRARY = "libc++";
				CLANG_ENABLE_MODULES = YES;
				CLANG_ENABLE_OBJC_ARC = YES;
				CLANG_ENABLE_OBJC_WEAK = YES;
				CLANG_WARN_BLOCK_CAPTURE_AUTORELEASING = YES;
				CLANG_WARN_BOOL_CONVERSION = YES;
				CLANG_WARN_COMMA = YES;
				CLANG_WARN_CONSTANT_CONVERSION = YES;
				CLANG_WARN_DEPRECATED_OBJC_IMPLEMENTATIONS = YES;
				CLANG_WARN_DIRECT_OBJC_ISA_USAGE = YES_ERROR;
				CLANG_WARN_DOCUMENTATION_COMMENTS = YES;
				CLANG_WARN_EMPTY_BODY = YES;
				CLANG_WARN_ENUM_CONVERSION = YES;
				CLANG_WARN_INFINITE_RECURSION = YES;
				CLANG_WARN_INT_CONVERSION = YES;
				CLANG_WARN_NON_LITERAL_NULL_CONVERSION = YES;
				CLANG_WARN_OBJC_IMPLICIT_RETAIN_SELF = YES;
				CLANG_WARN_OBJC_LITERAL_CONVERSION = YES;
				CLANG_WARN_OBJC_ROOT_CLASS = YES_ERROR;
				CLANG_WARN_QUOTED_INCLUDE_IN_FRAMEWORK_HEADER = YES;
				CLANG_WARN_RANGE_LOOP_ANALYSIS = YES;
				CLANG_WARN_STRICT_PROTOTYPES = YES;
				CLANG_WARN_SUSPICIOUS_MOVE = YES;
				CLANG_WARN_UNGUARDED_AVAILABILITY = YES_AGGRESSIVE;
				CLANG_WARN_UNREACHABLE_CODE = YES;
				CLANG_WARN__DUPLICATE_METHOD_MATCH = YES;
				COPY_PHASE_STRIP = NO;
				DEBUG_INFORMATION_FORMAT = dwarf;
				ENABLE_STRICT_OBJC_MSGSEND = YES;
				ENABLE_TESTABILITY = YES;
				GCC_C_LANGUAGE_STANDARD = gnu11;
				GCC_DYNAMIC_NO_PIC = NO;
				GCC_NO_COMMON_BLOCKS = YES;
				GCC_OPTIMIZATION_LEVEL = 0;
				GCC_PREPROCESSOR_DEFINITIONS = (
					"DEBUG=1",
					"$(inherited)",
				);
				GCC_WARN_64_TO_32_BIT_CONVERSION = YES;
				GCC_WARN_ABOUT_RETURN_TYPE = YES_ERROR;
				GCC_WARN_UNDECLARED_SELECTOR = YES;
				GCC_WARN_UNINITIALIZED_AUTOS = YES_AGGRESSIVE;
				GCC_WARN_UNUSED_FUNCTION = YES;
				GCC_WARN_UNUSED_VARIABLE = YES;
				IPHONEOS_DEPLOYMENT_TARGET = 14.3;
				MTL_ENABLE_DEBUG_INFO = INCLUDE_SOURCE;
				MTL_FAST_MATH = YES;
				ONLY_ACTIVE_ARCH = YES;
				SDKROOT = iphoneos;
				SWIFT_ACTIVE_COMPILATION_CONDITIONS = DEBUG;
				SWIFT_OPTIMIZATION_LEVEL = "-Onone";
			};
			name = Debug;
		};
		2354B0E325CC3F9500EA977C /* Release */ = {
			isa = XCBuildConfiguration;
			buildSettings = {
				ALWAYS_SEARCH_USER_PATHS = NO;
				CLANG_ANALYZER_NONNULL = YES;
				CLANG_ANALYZER_NUMBER_OBJECT_CONVERSION = YES_AGGRESSIVE;
				CLANG_CXX_LANGUAGE_STANDARD = "gnu++14";
				CLANG_CXX_LIBRARY = "libc++";
				CLANG_ENABLE_MODULES = YES;
				CLANG_ENABLE_OBJC_ARC = YES;
				CLANG_ENABLE_OBJC_WEAK = YES;
				CLANG_WARN_BLOCK_CAPTURE_AUTORELEASING = YES;
				CLANG_WARN_BOOL_CONVERSION = YES;
				CLANG_WARN_COMMA = YES;
				CLANG_WARN_CONSTANT_CONVERSION = YES;
				CLANG_WARN_DEPRECATED_OBJC_IMPLEMENTATIONS = YES;
				CLANG_WARN_DIRECT_OBJC_ISA_USAGE = YES_ERROR;
				CLANG_WARN_DOCUMENTATION_COMMENTS = YES;
				CLANG_WARN_EMPTY_BODY = YES;
				CLANG_WARN_ENUM_CONVERSION = YES;
				CLANG_WARN_INFINITE_RECURSION = YES;
				CLANG_WARN_INT_CONVERSION = YES;
				CLANG_WARN_NON_LITERAL_NULL_CONVERSION = YES;
				CLANG_WARN_OBJC_IMPLICIT_RETAIN_SELF = YES;
				CLANG_WARN_OBJC_LITERAL_CONVERSION = YES;
				CLANG_WARN_OBJC_ROOT_CLASS = YES_ERROR;
				CLANG_WARN_QUOTED_INCLUDE_IN_FRAMEWORK_HEADER = YES;
				CLANG_WARN_RANGE_LOOP_ANALYSIS = YES;
				CLANG_WARN_STRICT_PROTOTYPES = YES;
				CLANG_WARN_SUSPICIOUS_MOVE = YES;
				CLANG_WARN_UNGUARDED_AVAILABILITY = YES_AGGRESSIVE;
				CLANG_WARN_UNREACHABLE_CODE = YES;
				CLANG_WARN__DUPLICATE_METHOD_MATCH = YES;
				COPY_PHASE_STRIP = NO;
				DEBUG_INFORMATION_FORMAT = "dwarf-with-dsym";
				ENABLE_NS_ASSERTIONS = NO;
				ENABLE_STRICT_OBJC_MSGSEND = YES;
				GCC_C_LANGUAGE_STANDARD = gnu11;
				GCC_NO_COMMON_BLOCKS = YES;
				GCC_WARN_64_TO_32_BIT_CONVERSION = YES;
				GCC_WARN_ABOUT_RETURN_TYPE = YES_ERROR;
				GCC_WARN_UNDECLARED_SELECTOR = YES;
				GCC_WARN_UNINITIALIZED_AUTOS = YES_AGGRESSIVE;
				GCC_WARN_UNUSED_FUNCTION = YES;
				GCC_WARN_UNUSED_VARIABLE = YES;
				IPHONEOS_DEPLOYMENT_TARGET = 14.3;
				MTL_ENABLE_DEBUG_INFO = NO;
				MTL_FAST_MATH = YES;
				SDKROOT = iphoneos;
				SWIFT_COMPILATION_MODE = wholemodule;
				SWIFT_OPTIMIZATION_LEVEL = "-O";
				VALIDATE_PRODUCT = YES;
			};
			name = Release;
		};
		2354B0E525CC3F9500EA977C /* Debug */ = {
			isa = XCBuildConfiguration;
			buildSettings = {
				ASSETCATALOG_COMPILER_APPICON_NAME = AppIcon;
				ASSETCATALOG_COMPILER_GLOBAL_ACCENT_COLOR_NAME = AccentColor;
				CODE_SIGN_STYLE = Automatic;
				DEVELOPMENT_TEAM = 65CGDLNXGP;
				INFOPLIST_FILE = EmojiReader/Info.plist;
				LD_RUNPATH_SEARCH_PATHS = (
					"$(inherited)",
					"@executable_path/Frameworks",
				);
				PRODUCT_BUNDLE_IDENTIFIER = com.vironit.boltromyuk.EmojiReader;
				PRODUCT_NAME = "$(TARGET_NAME)";
				SWIFT_VERSION = 5.0;
				TARGETED_DEVICE_FAMILY = "1,2";
			};
			name = Debug;
		};
		2354B0E625CC3F9500EA977C /* Release */ = {
			isa = XCBuildConfiguration;
			buildSettings = {
				ASSETCATALOG_COMPILER_APPICON_NAME = AppIcon;
				ASSETCATALOG_COMPILER_GLOBAL_ACCENT_COLOR_NAME = AccentColor;
				CODE_SIGN_STYLE = Automatic;
				DEVELOPMENT_TEAM = 65CGDLNXGP;
				INFOPLIST_FILE = EmojiReader/Info.plist;
				LD_RUNPATH_SEARCH_PATHS = (
					"$(inherited)",
					"@executable_path/Frameworks",
				);
				PRODUCT_BUNDLE_IDENTIFIER = com.vironit.boltromyuk.EmojiReader;
				PRODUCT_NAME = "$(TARGET_NAME)";
				SWIFT_VERSION = 5.0;
				TARGETED_DEVICE_FAMILY = "1,2";
			};
			name = Release;
		};
/* End XCBuildConfiguration section */

/* Begin XCConfigurationList section */
		2354B0CB25CC3F9500EA977C /* Build configuration list for PBXProject "EmojiReader" */ = {
			isa = XCConfigurationList;
			buildConfigurations = (
				2354B0E225CC3F9500EA977C /* Debug */,
				2354B0E325CC3F9500EA977C /* Release */,
			);
			defaultConfigurationIsVisible = 0;
			defaultConfigurationName = Release;
		};
		2354B0E425CC3F9500EA977C /* Build configuration list for PBXNativeTarget "EmojiReader" */ = {
			isa = XCConfigurationList;
			buildConfigurations = (
				2354B0E525CC3F9500EA977C /* Debug */,
				2354B0E625CC3F9500EA977C /* Release */,
			);
			defaultConfigurationIsVisible = 0;
			defaultConfigurationName = Release;
		};
/* End XCConfigurationList section */
	};
	rootObject = 2354B0C825CC3F9500EA977C /* Project object */;
}
